
Microsoft Visual Studio Solution File, Format Version 12.00
# Visual Studio Version 17
VisualStudioVersion = 17.11.35312.102
MinimumVisualStudioVersion = 10.0.40219.1
Project("{FAE04EC0-301F-11D3-BF4B-00C04F79EFBC}") = "Car_Salon_App", "Car_Salon_App\Car_Salon_App.csproj", "{9609692B-6A6F-4468-80ED-DDB32264D6EC}"
EndProject
Global
	GlobalSection(SolutionConfigurationPlatforms) = preSolution
		Debug|Any CPU = Debug|Any CPU
		Release|Any CPU = Release|Any CPU
	EndGlobalSection
	GlobalSection(ProjectConfigurationPlatforms) = postSolution
		{9609692B-6A6F-4468-80ED-DDB32264D6EC}.Debug|Any CPU.ActiveCfg = Debug|Any CPU
		{9609692B-6A6F-4468-80ED-DDB32264D6EC}.Debug|Any CPU.Build.0 = Debug|Any CPU
		{9609692B-6A6F-4468-80ED-DDB32264D6EC}.Release|Any CPU.ActiveCfg = Release|Any CPU
		{9609692B-6A6F-4468-80ED-DDB32264D6EC}.Release|Any CPU.Build.0 = Release|Any CPU
	EndGlobalSection
	GlobalSection(SolutionProperties) = preSolution
		HideSolutionNode = FALSE
	EndGlobalSection
	GlobalSection(ExtensibilityGlobals) = postSolution
		SolutionGuid = {A0391E74-A646-4240-95DB-70008C8586DC}
	EndGlobalSection
EndGlobal
